
Microsoft Visual Studio Solution File, Format Version 12.00
# Visual Studio 2015
Project("{FAE04EC0-301F-11D3-BF4B-00C04F79EFBC}") = "xxx.Plugins", "xxx.Plugins.csproj", "{1C6909AB-AE4C-29E6-F1D1-3E4CCAF7D1DA}"
EndProject
Project("{FAE04EC0-301F-11D3-BF4B-00C04F79EFBC}") = "xxx", "xxx.csproj", "{C712058B-5763-41B3-32E0-0BAC27F9A1E4}"
EndProject
Project("{FAE04EC0-301F-11D3-BF4B-00C04F79EFBC}") = "xxx.Editor.Plugins", "xxx.Editor.Plugins.csproj", "{3FDDA143-D2AE-98D8-4777-72EB14C9FE1D}"
EndProject
Global
	GlobalSection(SolutionConfigurationPlatforms) = preSolution
		Debug|Any CPU = Debug|Any CPU
		Release|Any CPU = Release|Any CPU
	EndGlobalSection
	GlobalSection(ProjectConfigurationPlatforms) = postSolution
		{1C6909AB-AE4C-29E6-F1D1-3E4CCAF7D1DA}.Debug|Any CPU.ActiveCfg = Debug|Any CPU
		{1C6909AB-AE4C-29E6-F1D1-3E4CCAF7D1DA}.Debug|Any CPU.Build.0 = Debug|Any CPU
		{1C6909AB-AE4C-29E6-F1D1-3E4CCAF7D1DA}.Release|Any CPU.ActiveCfg = Release|Any CPU
		{1C6909AB-AE4C-29E6-F1D1-3E4CCAF7D1DA}.Release|Any CPU.Build.0 = Release|Any CPU
		{C712058B-5763-41B3-32E0-0BAC27F9A1E4}.Debug|Any CPU.ActiveCfg = Debug|Any CPU
		{C712058B-5763-41B3-32E0-0BAC27F9A1E4}.Debug|Any CPU.Build.0 = Debug|Any CPU
		{C712058B-5763-41B3-32E0-0BAC27F9A1E4}.Release|Any CPU.ActiveCfg = Release|Any CPU
		{C712058B-5763-41B3-32E0-0BAC27F9A1E4}.Release|Any CPU.Build.0 = Release|Any CPU
		{3FDDA143-D2AE-98D8-4777-72EB14C9FE1D}.Debug|Any CPU.ActiveCfg = Debug|Any CPU
		{3FDDA143-D2AE-98D8-4777-72EB14C9FE1D}.Debug|Any CPU.Build.0 = Debug|Any CPU
		{3FDDA143-D2AE-98D8-4777-72EB14C9FE1D}.Release|Any CPU.ActiveCfg = Release|Any CPU
		{3FDDA143-D2AE-98D8-4777-72EB14C9FE1D}.Release|Any CPU.Build.0 = Release|Any CPU
	EndGlobalSection
	GlobalSection(SolutionProperties) = preSolution
		HideSolutionNode = FALSE
	EndGlobalSection
EndGlobal
